{
  "nodes": {
    "dmenu-src": {
      "flake": false,
      "locked": {
        "dir": "dmenu",
        "lastModified": 1769220552,
        "narHash": "sha256-7VUtIwswaIKwN9J3SW0VrtH8diZ+zxezHaaK0n1XIMU=",
        "owner": "trongnghiango",
        "repo": "nix-suckless",
        "rev": "2b2fbc1705cc1417c89041359ec3616f2764e21e",
        "type": "github"
      },
      "original": {
        "dir": "dmenu",
        "owner": "trongnghiango",
        "repo": "nix-suckless",
        "type": "github"
      }
    },
    "dwm-src": {
      "flake": false,
      "locked": {
        "dir": "dwm",
        "lastModified": 1769220552,
        "narHash": "sha256-7VUtIwswaIKwN9J3SW0VrtH8diZ+zxezHaaK0n1XIMU=",
        "owner": "trongnghiango",
        "repo": "nix-suckless",
        "rev": "2b2fbc1705cc1417c89041359ec3616f2764e21e",
        "type": "github"
      },
      "original": {
        "dir": "dwm",
        "owner": "trongnghiango",
        "repo": "nix-suckless",
        "type": "github"
      }
    },
    "dwmblocks-src": {
      "flake": false,
      "locked": {
        "dir": "dwmblocks",
        "lastModified": 1769220552,
        "narHash": "sha256-7VUtIwswaIKwN9J3SW0VrtH8diZ+zxezHaaK0n1XIMU=",
        "owner": "trongnghiango",
        "repo": "nix-suckless",
        "rev": "2b2fbc1705cc1417c89041359ec3616f2764e21e",
        "type": "github"
      },
      "original": {
        "dir": "dwmblocks",
        "owner": "trongnghiango",
        "repo": "nix-suckless",
        "type": "github"
      }
    },
    "home-manager": {
      "inputs": {
        "nixpkgs": [
          "nixpkgs"
        ]
      },
      "locked": {
        "lastModified": 1769580047,
        "narHash": "sha256-tNqCP/+2+peAXXQ2V8RwsBkenlfWMERb+Uy6xmevyhM=",
        "owner": "nix-community",
        "repo": "home-manager",
        "rev": "366d78c2856de6ab3411c15c1cb4fb4c2bf5c826",
        "type": "github"
      },
      "original": {
        "owner": "nix-community",
        "ref": "release-25.11",
        "repo": "home-manager",
        "type": "github"
      }
    },
    "nixpkgs": {
      "locked": {
        "lastModified": 1769598131,
        "narHash": "sha256-e7VO/kGLgRMbWtpBqdWl0uFg8Y2XWFMdz0uUJvlML8o=",
        "owner": "nixos",
        "repo": "nixpkgs",
        "rev": "fa83fd837f3098e3e678e6cf017b2b36102c7211",
        "type": "github"
      },
      "original": {
        "owner": "nixos",
        "ref": "nixos-25.11",
        "repo": "nixpkgs",
        "type": "github"
      }
    },
    "root": {
      "inputs": {
        "dmenu-src": "dmenu-src",
        "dwm-src": "dwm-src",
        "dwmblocks-src": "dwmblocks-src",
        "home-manager": "home-manager",
        "nixpkgs": "nixpkgs",
        "st-src": "st-src"
      }
    },
    "st-src": {
      "flake": false,
      "locked": {
        "dir": "st",
        "lastModified": 1769220552,
        "narHash": "sha256-7VUtIwswaIKwN9J3SW0VrtH8diZ+zxezHaaK0n1XIMU=",
        "owner": "trongnghiango",
        "repo": "nix-suckless",
        "rev": "2b2fbc1705cc1417c89041359ec3616f2764e21e",
        "type": "github"
      },
      "original": {
        "dir": "st",
        "owner": "trongnghiango",
        "repo": "nix-suckless",
        "type": "github"
      }
    }
  },
  "root": "root",
  "version": 7
}
